
Microsoft Visual Studio Solution File, Format Version 12.00
# Visual Studio 15
VisualStudioVersion = 15.0.27004.2002
MinimumVisualStudioVersion = 10.0.40219.1
Project("{FAE04EC0-301F-11D3-BF4B-00C04F79EFBC}") = "FizzBuzzMVC", "FizzBuzzMVC\FizzBuzzMVC.csproj", "{F76EB31F-5AAF-4D1A-A152-59ECC2A7012A}"
EndProject
Global
	GlobalSection(SolutionConfigurationPlatforms) = preSolution
		Debug|Any CPU = Debug|Any CPU
		Release|Any CPU = Release|Any CPU
	EndGlobalSection
	GlobalSection(ProjectConfigurationPlatforms) = postSolution
		{F76EB31F-5AAF-4D1A-A152-59ECC2A7012A}.Debug|Any CPU.ActiveCfg = Debug|Any CPU
		{F76EB31F-5AAF-4D1A-A152-59ECC2A7012A}.Debug|Any CPU.Build.0 = Debug|Any CPU
		{F76EB31F-5AAF-4D1A-A152-59ECC2A7012A}.Release|Any CPU.ActiveCfg = Release|Any CPU
		{F76EB31F-5AAF-4D1A-A152-59ECC2A7012A}.Release|Any CPU.Build.0 = Release|Any CPU
	EndGlobalSection
	GlobalSection(SolutionProperties) = preSolution
		HideSolutionNode = FALSE
	EndGlobalSection
	GlobalSection(ExtensibilityGlobals) = postSolution
		SolutionGuid = {2632C602-0A06-47E3-90ED-7E9B30992031}
	EndGlobalSection
EndGlobal
